
Microsoft Visual Studio Solution File, Format Version 12.00
# Visual Studio Version 17
VisualStudioVersion = 17.5.002.0
MinimumVisualStudioVersion = 10.0.40219.1
Project("{9A19103F-16F7-4668-BE54-9A1E7A4F7556}") = "WebShop", "WebShop.csproj", "{F08E2145-CDC5-4E17-B522-FA55BC3DAF99}"
EndProject
Global
	GlobalSection(SolutionConfigurationPlatforms) = preSolution
		Debug|Any CPU = Debug|Any CPU
		Release|Any CPU = Release|Any CPU
	EndGlobalSection
	GlobalSection(ProjectConfigurationPlatforms) = postSolution
		{F08E2145-CDC5-4E17-B522-FA55BC3DAF99}.Debug|Any CPU.ActiveCfg = Debug|Any CPU
		{F08E2145-CDC5-4E17-B522-FA55BC3DAF99}.Debug|Any CPU.Build.0 = Debug|Any CPU
		{F08E2145-CDC5-4E17-B522-FA55BC3DAF99}.Release|Any CPU.ActiveCfg = Release|Any CPU
		{F08E2145-CDC5-4E17-B522-FA55BC3DAF99}.Release|Any CPU.Build.0 = Release|Any CPU
	EndGlobalSection
	GlobalSection(SolutionProperties) = preSolution
		HideSolutionNode = FALSE
	EndGlobalSection
	GlobalSection(ExtensibilityGlobals) = postSolution
		SolutionGuid = {45440CC3-7995-46A8-B6F4-A43EED485EE4}
	EndGlobalSection
EndGlobal
